
Microsoft Visual Studio Solution File, Format Version 12.00
# Visual Studio Version 17
VisualStudioVersion = 17.8.34525.116
MinimumVisualStudioVersion = 10.0.40219.1
Project("{9A19103F-16F7-4668-BE54-9A1E7A4F7556}") = "ChallengeENG", "TestENG\ChallengeENG.csproj", "{5A4D046E-47A9-4FE9-91BE-C7D16630523B}"
EndProject
Global
	GlobalSection(SolutionConfigurationPlatforms) = preSolution
		Debug|Any CPU = Debug|Any CPU
		Release|Any CPU = Release|Any CPU
	EndGlobalSection
	GlobalSection(ProjectConfigurationPlatforms) = postSolution
		{5A4D046E-47A9-4FE9-91BE-C7D16630523B}.Debug|Any CPU.ActiveCfg = Debug|Any CPU
		{5A4D046E-47A9-4FE9-91BE-C7D16630523B}.Debug|Any CPU.Build.0 = Debug|Any CPU
		{5A4D046E-47A9-4FE9-91BE-C7D16630523B}.Release|Any CPU.ActiveCfg = Release|Any CPU
		{5A4D046E-47A9-4FE9-91BE-C7D16630523B}.Release|Any CPU.Build.0 = Release|Any CPU
	EndGlobalSection
	GlobalSection(SolutionProperties) = preSolution
		HideSolutionNode = FALSE
	EndGlobalSection
	GlobalSection(ExtensibilityGlobals) = postSolution
		SolutionGuid = {609A4E76-E0D2-4C8E-AD12-946B2CA5668D}
	EndGlobalSection
EndGlobal
